PODS:
  - battery_info_example (0.0.1):
    - Flutter
  - Flutter (1.0.0)

DEPENDENCIES:
  - battery_info_example (from `.symlinks/plugins/battery_info_example/ios`)
  - Flutter (from `Flutter`)

EXTERNAL SOURCES:
  battery_info_example:
    :path: ".symlinks/plugins/battery_info_example/ios"
  Flutter:
    :path: Flutter

SPEC CHECKSUMS:
  battery_info_example: 0661fc053f2d2188c8ddc795e08f068b614b568b
  Flutter: cabc95a1d2626b1b06e7179b784ebcf0c0cde467

PODFILE CHECKSUM: 3c63482e143d1b91d2d2560aee9fb04ecc74ac7e

COCOAPODS: 1.16.2
